{
    "_readme": [
        "This file locks the dependencies of your project to a known state",
        "Read more about it at https://getcomposer.org/doc/01-basic-usage.md#composer-lock-the-lock-file",
        "This file is @generated automatically"
    ],
    "content-hash": "d7bf40e000aee8e1bfb7632c1a5ce96e",
    "packages": [
        {
            "name": "andresandoval/php-lazy-loader",
            "version": "dev-master",
            "source": {
                "type": "git",
                "url": "https://github.com/andresandoval992/php-lazy-loader.git",
                "reference": "bb1762c0ea73611e721d5ffd49c7bdf21d1cbacc"
            },
            "dist": {
                "type": "zip",
                "url": "https://api.github.com/repos/andresandoval992/php-lazy-loader/zipball/bb1762c0ea73611e721d5ffd49c7bdf21d1cbacc",
                "reference": "bb1762c0ea73611e721d5ffd49c7bdf21d1cbacc",
                "shasum": ""
            },
            "type": "library",
            "license": [
                "MIT"
            ],
            "authors": [
                {
                    "name": "Andres Sandoval",
                    "email": "andresandoval992@gmail.com"
                }
            ],
            "description": "PHP Lazy Loadder es una libreria para manejar peticiones restfull a PHP, y soporte para mapeo de objetos (aka: Hibernate)",
            "support": {
                "source": "https://github.com/andresandoval992/php-lazy-loader/tree/master",
                "issues": "https://github.com/andresandoval992/php-lazy-loader/issues"
            },
            "time": "2017-09-04T21:50:17+00:00"
        },
        {
            "name": "firebase/php-jwt",
            "version": "v5.0.0",
            "source": {
                "type": "git",
                "url": "https://github.com/firebase/php-jwt.git",
                "reference": "9984a4d3a32ae7673d6971ea00bae9d0a1abba0e"
            },
            "dist": {
                "type": "zip",
                "url": "https://api.github.com/repos/firebase/php-jwt/zipball/9984a4d3a32ae7673d6971ea00bae9d0a1abba0e",
                "reference": "9984a4d3a32ae7673d6971ea00bae9d0a1abba0e",
                "shasum": ""
            },
            "require": {
                "php": ">=5.3.0"
            },
            "require-dev": {
                "phpunit/phpunit": " 4.8.35"
            },
            "type": "library",
            "autoload": {
                "psr-4": {
                    "Firebase\\JWT\\": "src"
                }
            },
            "notification-url": "https://packagist.org/downloads/",
            "license": [
                "BSD-3-Clause"
            ],
            "authors": [
                {
                    "name": "Neuman Vong",
                    "email": "neuman+pear@twilio.com",
                    "role": "Developer"
                },
                {
                    "name": "Anant Narayanan",
                    "email": "anant@php.net",
                    "role": "Developer"
                }
            ],
            "description": "A simple library to encode and decode JSON Web Tokens (JWT) in PHP. Should conform to the current spec.",
            "homepage": "https://github.com/firebase/php-jwt",
            "time": "2017-06-27T22:17:23+00:00"
        }
    ],
    "packages-dev": [],
    "aliases": [],
    "minimum-stability": "stable",
    "stability-flags": {
        "andresandoval/php-lazy-loader": 20
    },
    "prefer-stable": false,
    "prefer-lowest": false,
    "platform": [],
    "platform-dev": []
}
